<?xml version="1.0" encoding="utf-8"?>
<Project ToolsVersion="4.0" xmlns="http://schemas.microsoft.com/developer/msbuild/2003">
  <ItemGroup>
    <Filter Include="소스 파일">
      <UniqueIdentifier>{4FC737F1-C7A5-4376-A066-2A32D752A2FF}</UniqueIdentifier>
      <Extensions>cpp;c;cc;cxx;def;odl;idl;hpj;bat;asm;asmx</Extensions>
    </Filter>
    <Filter Include="헤더 파일">
      <UniqueIdentifier>{93995380-89BD-4b04-88EB-625FBE52EBFB}</UniqueIdentifier>
      <Extensions>h;hh;hpp;hxx;hm;inl;inc;xsd</Extensions>
    </Filter>
    <Filter Include="리소스 파일">
      <UniqueIdentifier>{67DA6AB6-F800-4c08-8B7A-83BB121AAD01}</UniqueIdentifier>
      <Extensions>rc;ico;cur;bmp;dlg;rc2;rct;bin;rgs;gif;jpg;jpeg;jpe;resx;tiff;tif;png;wav;mfcribbon-ms</Extensions>
    </Filter>
    <Filter Include="소스 파일\GameEngine">
      <UniqueIdentifier>{85fe12ce-da35-47d8-9e8a-d45f076fa896}</UniqueIdentifier>
    </Filter>
    <Filter Include="소스 파일\GameEngine\Header">
      <UniqueIdentifier>{aa90e442-2e08-450f-9b20-4ea940a89460}</UniqueIdentifier>
    </Filter>
    <Filter Include="소스 파일\GameEngine\Source">
      <UniqueIdentifier>{b61d41e5-75c5-4f1e-9bb9-5e5fb8c494a9}</UniqueIdentifier>
    </Filter>
  </ItemGroup>
  <ItemGroup>
    <ClCompile Include="main.cpp">
      <Filter>소스 파일</Filter>
    </ClCompile>
    <ClCompile Include="CGGameEngine.cpp">
      <Filter>소스 파일\GameEngine\Source</Filter>
    </ClCompile>
    <ClCompile Include="CGScene.cpp">
      <Filter>소스 파일\GameEngine\Source</Filter>
    </ClCompile>
  </ItemGroup>
  <ItemGroup>
    <ClInclude Include="CGGameEngine.h">
      <Filter>소스 파일\GameEngine\Header</Filter>
    </ClInclude>
    <ClInclude Include="CGScene.h">
      <Filter>소스 파일\GameEngine\Header</Filter>
    </ClInclude>
  </ItemGroup>
</Project>